schema: '2.0'
stages:
  fetch_data:
    cmd: python delivery_delay_prediction/dataset.py
    deps:
    - path: delivery_delay_prediction/config.py
      hash: md5
      md5: 1c403cc591f9d2290b44653103d747eb
      size: 1354
    - path: delivery_delay_prediction/dataset.py
      hash: md5
      md5: 0d8744febc43fd1cb71a1e8a5a764073
      size: 2079
    - path: sql/feature_queries.sql
      hash: md5
      md5: acbb823c1affca373cd8c82a71699cbd
      size: 7907
    outs:
    - path: data/interim/analytical_dataset.csv
      hash: md5
      md5: 8db96c0f60ad01f678e0e4a2b98aa4f4
      size: 25201438
  engineer_features:
    cmd: python delivery_delay_prediction/features.py
    deps:
    - path: data/interim/analytical_dataset.csv
      hash: md5
      md5: 8db96c0f60ad01f678e0e4a2b98aa4f4
      size: 25201438
    - path: delivery_delay_prediction/config.py
      hash: md5
      md5: 1c403cc591f9d2290b44653103d747eb
      size: 1354
    - path: delivery_delay_prediction/features.py
      hash: md5
      md5: a4d829c9977ead0578b2efb1cb401c22
      size: 4633
    outs:
    - path: data/processed/features.csv
      hash: md5
      md5: 80f4aacd218659c3a19c2f4b8df7fda3
      size: 32651124
  train_model:
    cmd: python delivery_delay_prediction/train.py
    deps:
    - path: data/processed/features.csv
      hash: md5
      md5: c536956165212b12f2bbc80fa8d4de98
      size: 17443611
    - path: delivery_delay_prediction/config.py
      hash: md5
      md5: 1c403cc591f9d2290b44653103d747eb
      size: 1354
    - path: delivery_delay_prediction/features.py
      hash: md5
      md5: 639dd379e5436478178493856712a61b
      size: 2946
    - path: delivery_delay_prediction/train.py
      hash: md5
      md5: 0189ba80756ce7f2cd2f337ed5965b73
      size: 6477
    outs:
    - path: models/catboost_baseline.cbm
      hash: md5
      md5: 82d084983fea40c9bba8281c61737fb9
      size: 2020964
    - path: models/feature_importance.csv
      hash: md5
      md5: bb2ff8ce0365ed2dbd506ed9db2fce36
      size: 745
  predict:
    cmd: python delivery_delay_prediction/modeling/predict.py
    deps:
    - path: data/processed/features.csv
      hash: md5
      md5: c536956165212b12f2bbc80fa8d4de98
      size: 17443611
    - path: delivery_delay_prediction/modeling/predict.py
      hash: md5
      md5: 52df0e86e12659719b90375f50bc5f65
      size: 2381
    - path: models/catboost_baseline.cbm
      hash: md5
      md5: 82d084983fea40c9bba8281c61737fb9
      size: 2020964
    outs:
    - path: data/processed/predictions.csv
      hash: md5
      md5: 02bba4e9b31cfb36fe2430aefdac16c8
      size: 5371173
